// !$*UTF8*$!
{
	archiveVersion = 1;
	classes = {
	};
	objectVersion = 50;
	objects = {

/* Begin PBXBuildFile section */
		03AAD43C22D9858A00E08E1F /* AppDelegate.m in Sources */ = {isa = PBXBuildFile; fileRef = 03AAD43B22D9858A00E08E1F /* AppDelegate.m */; };
		03AAD43F22D9858A00E08E1F /* ViewController.m in Sources */ = {isa = PBXBuildFile; fileRef = 03AAD43E22D9858A00E08E1F /* ViewController.m */; };
		03AAD44222D9858A00E08E1F /* Main.storyboard in Resources */ = {isa = PBXBuildFile; fileRef = 03AAD44022D9858A00E08E1F /* Main.storyboard */; };
		03AAD44422D9859700E08E1F /* Assets.xcassets in Resources */ = {isa = PBXBuildFile; fileRef = 03AAD44322D9859700E08E1F /* Assets.xcassets */; };
		03AAD44722D9859700E08E1F /* LaunchScreen.storyboard in Resources */ = {isa = PBXBuildFile; fileRef = 03AAD44522D9859700E08E1F /* LaunchScreen.storyboard */; };
		03AAD44A22D9859700E08E1F /* main.m in Sources */ = {isa = PBXBuildFile; fileRef = 03AAD44922D9859700E08E1F /* main.m */; };
/* End PBXBuildFile section */

/* Begin PBXFileReference section */
		03AAD43722D9858A00E08E1F /* ayxxvip.app */ = {isa = PBXFileReference; explicitFileType = wrapper.application; includeInIndex = 0; path = ayxxvip.app; sourceTree = BUILT_PRODUCTS_DIR; };
		03AAD43A22D9858A00E08E1F /* AppDelegate.h */ = {isa = PBXFileReference; lastKnownFileType = sourcecode.c.h; path = AppDelegate.h; sourceTree = "<group>"; };
		03AAD43B22D9858A00E08E1F /* AppDelegate.m */ = {isa = PBXFileReference; lastKnownFileType = sourcecode.c.objc; path = AppDelegate.m; sourceTree = "<group>"; };
		03AAD43D22D9858A00E08E1F /* ViewController.h */ = {isa = PBXFileReference; lastKnownFileType = sourcecode.c.h; path = ViewController.h; sourceTree = "<group>"; };
		03AAD43E22D9858A00E08E1F /* ViewController.m */ = {isa = PBXFileReference; lastKnownFileType = sourcecode.c.objc; path = ViewController.m; sourceTree = "<group>"; };
		03AAD44122D9858A00E08E1F /* Base */ = {isa = PBXFileReference; lastKnownFileType = file.storyboard; name = Base; path = Base.lproj/Main.storyboard; sourceTree = "<group>"; };
		03AAD44322D9859700E08E1F /* Assets.xcassets */ = {isa = PBXFileReference; lastKnownFileType = folder.assetcatalog; path = Assets.xcassets; sourceTree = "<group>"; };
		03AAD44622D9859700E08E1F /* Base */ = {isa = PBXFileReference; lastKnownFileType = file.storyboard; name = Base; path = Base.lproj/LaunchScreen.storyboard; sourceTree = "<group>"; };
		03AAD44822D9859700E08E1F /* Info.plist */ = {isa = PBXFileReference; lastKnownFileType = text.plist.xml; path = Info.plist; sourceTree = "<group>"; };
		03AAD44922D9859700E08E1F /* main.m */ = {isa = PBXFileReference; lastKnownFileType = sourcecode.c.objc; path = main.m; sourceTree = "<group>"; };
/* End PBXFileReference section */

/* Begin PBXFrameworksBuildPhase section */
		03AAD43422D9858A00E08E1F /* Frameworks */ = {
			isa = PBXFrameworksBuildPhase;
			buildActionMask = 2147483647;
			files = (
			);
			runOnlyForDeploymentPostprocessing = 0;
		};
/* End PBXFrameworksBuildPhase section */

/* Begin PBXGroup section */
		03AAD42E22D9858900E08E1F = {
			isa = PBXGroup;
			children = (
				03AAD43922D9858A00E08E1F /* ayxxvip */,
				03AAD43822D9858A00E08E1F /* Products */,
			);
			sourceTree = "<group>";
		};
		03AAD43822D9858A00E08E1F /* Products */ = {
			isa = PBXGroup;
			children = (
				03AAD43722D9858A00E08E1F /* ayxxvip.app */,
			);
			name = Products;
			sourceTree = "<group>";
		};
		03AAD43922D9858A00E08E1F /* ayxxvip */ = {
			isa = PBXGroup;
			children = (
				03AAD43A22D9858A00E08E1F /* AppDelegate.h */,
				03AAD43B22D9858A00E08E1F /* AppDelegate.m */,
				03AAD43D22D9858A00E08E1F /* ViewController.h */,
				03AAD43E22D9858A00E08E1F /* ViewController.m */,
				03AAD44022D9858A00E08E1F /* Main.storyboard */,
				03AAD44322D9859700E08E1F /* Assets.xcassets */,
				03AAD44522D9859700E08E1F /* LaunchScreen.storyboard */,
				03AAD44822D9859700E08E1F /* Info.plist */,
				03AAD44922D9859700E08E1F /* main.m */,
			);
			path = ayxxvip;
			sourceTree = "<group>";
		};
/* End PBXGroup section */

/* Begin PBXNativeTarget section */
		03AAD43622D9858A00E08E1F /* ayxxvip */ = {
			isa = PBXNativeTarget;
			buildConfigurationList = 03AAD44D22D9859700E08E1F /* Build configuration list for PBXNativeTarget "ayxxvip" */;
			buildPhases = (
				03AAD43322D9858A00E08E1F /* Sources */,
				03AAD43422D9858A00E08E1F /* Frameworks */,
				03AAD43522D9858A00E08E1F /* Resources */,
			);
			buildRules = (
			);
			dependencies = (
			);
			name = ayxxvip;
			productName = ayxxvip;
			productReference = 03AAD43722D9858A00E08E1F /* ayxxvip.app */;
			productType = "com.apple.product-type.application";
		};
/* End PBXNativeTarget section */

/* Begin PBXProject section */
		03AAD42F22D9858900E08E1F /* Project object */ = {
			isa = PBXProject;
			attributes = {
				LastUpgradeCheck = 1020;
				ORGANIZATIONNAME = ayxx;
				TargetAttributes = {
					03AAD43622D9858A00E08E1F = {
						CreatedOnToolsVersion = 10.2.1;
					};
				};
			};
			buildConfigurationList = 03AAD43222D9858A00E08E1F /* Build configuration list for PBXProject "ayxxvip" */;
			compatibilityVersion = "Xcode 9.3";
			developmentRegion = en;
			hasScannedForEncodings = 0;
			knownRegions = (
				en,
				Base,
			);
			mainGroup = 03AAD42E22D9858900E08E1F;
			productRefGroup = 03AAD43822D9858A00E08E1F /* Products */;
			projectDirPath = "";
			projectRoot = "";
			targets = (
				03AAD43622D9858A00E08E1F /* ayxxvip */,
			);
		};
/* End PBXProject section */

/* Begin PBXResourcesBuildPhase section */
		03AAD43522D9858A00E08E1F /* Resources */ = {
			isa = PBXResourcesBuildPhase;
			buildActionMask = 2147483647;
			files = (
				03AAD44722D9859700E08E1F /* LaunchScreen.storyboard in Resources */,
				03AAD44422D9859700E08E1F /* Assets.xcassets in Resources */,
				03AAD44222D9858A00E08E1F /* Main.storyboard in Resources */,
			);
			runOnlyForDeploymentPostprocessing = 0;
		};
/* End PBXResourcesBuildPhase section */

/* Begin PBXSourcesBuildPhase section */
		03AAD43322D9858A00E08E1F /* Sources */ = {
			isa = PBXSourcesBuildPhase;
			buildActionMask = 2147483647;
			files = (
				03AAD43F22D9858A00E08E1F /* ViewController.m in Sources */,
				03AAD44A22D9859700E08E1F /* main.m in Sources */,
				03AAD43C22D9858A00E08E1F /* AppDelegate.m in Sources */,
			);
			runOnlyForDeploymentPostprocessing = 0;
		};
/* End PBXSourcesBuildPhase section */

/* Begin PBXVariantGroup section */
		03AAD44022D9858A00E08E1F /* Main.storyboard */ = {
			isa = PBXVariantGroup;
			children = (
				03AAD44122D9858A00E08E1F /* Base */,
			);
			name = Main.storyboard;
			sourceTree = "<group>";
		};
		03AAD44522D9859700E08E1F /* LaunchScreen.storyboard */ = {
			isa = PBXVariantGroup;
			children = (
				03AAD44622D9859700E08E1F /* Base */,
			);
			name = LaunchScreen.storyboard;
			sourceTree = "<group>";
		};
/* End PBXVariantGroup section */

/* Begin XCBuildConfiguration section */
		03AAD44B22D9859700E08E1F /* Debug */ = {
			isa = XCBuildConfiguration;
			buildSettings = {
				ALWAYS_SEARCH_USER_PATHS = NO;
				CLANG_ANALYZER_NONNULL = YES;
				CLANG_ANALYZER_NUMBER_OBJECT_CONVERSION = YES_AGGRESSIVE;
				CLANG_CXX_LANGUAGE_STANDARD = "gnu++14";
				CLANG_CXX_LIBRARY = "libc++";
				CLANG_ENABLE_MODULES = YES;
				CLANG_ENABLE_OBJC_ARC = YES;
				CLANG_ENABLE_OBJC_WEAK = YES;
				CLANG_WARN_BLOCK_CAPTURE_AUTORELEASING = YES;
				CLANG_WARN_BOOL_CONVERSION = YES;
				CLANG_WARN_COMMA = YES;
				CLANG_WARN_CONSTANT_CONVERSION = YES;
				CLANG_WARN_DEPRECATED_OBJC_IMPLEMENTATIONS = YES;
				CLANG_WARN_DIRECT_OBJC_ISA_USAGE = YES_ERROR;
				CLANG_WARN_DOCUMENTATION_COMMENTS = YES;
				CLANG_WARN_EMPTY_BODY = YES;
				CLANG_WARN_ENUM_CONVERSION = YES;
				CLANG_WARN_INFINITE_RECURSION = YES;
				CLANG_WARN_INT_CONVERSION = YES;
				CLANG_WARN_NON_LITERAL_NULL_CONVERSION = YES;
				CLANG_WARN_OBJC_IMPLICIT_RETAIN_SELF = YES;
				CLANG_WARN_OBJC_LITERAL_CONVERSION = YES;
				CLANG_WARN_OBJC_ROOT_CLASS = YES_ERROR;
				CLANG_WARN_RANGE_LOOP_ANALYSIS = YES;
				CLANG_WARN_STRICT_PROTOTYPES = YES;
				CLANG_WARN_SUSPICIOUS_MOVE = YES;
				CLANG_WARN_UNGUARDED_AVAILABILITY = YES_AGGRESSIVE;
				CLANG_WARN_UNREACHABLE_CODE = YES;
				CLANG_WARN__DUPLICATE_METHOD_MATCH = YES;
				CODE_SIGN_IDENTITY = "iPhone Developer";
				COPY_PHASE_STRIP = NO;
				DEBUG_INFORMATION_FORMAT = dwarf;
				ENABLE_STRICT_OBJC_MSGSEND = YES;
				ENABLE_TESTABILITY = YES;
				GCC_C_LANGUAGE_STANDARD = gnu11;
				GCC_DYNAMIC_NO_PIC = NO;
				GCC_NO_COMMON_BLOCKS = YES;
				GCC_OPTIMIZATION_LEVEL = 0;
				GCC_PREPROCESSOR_DEFINITIONS = (
					"DEBUG=1",
					"$(inherited)",
				);
				GCC_WARN_64_TO_32_BIT_CONVERSION = YES;
				GCC_WARN_ABOUT_RETURN_TYPE = YES_ERROR;
				GCC_WARN_UNDECLARED_SELECTOR = YES;
				GCC_WARN_UNINITIALIZED_AUTOS = YES_AGGRESSIVE;
				GCC_WARN_UNUSED_FUNCTION = YES;
				GCC_WARN_UNUSED_VARIABLE = YES;
				IPHONEOS_DEPLOYMENT_TARGET = 12.2;
				MTL_ENABLE_DEBUG_INFO = INCLUDE_SOURCE;
				MTL_FAST_MATH = YES;
				ONLY_ACTIVE_ARCH = YES;
				SDKROOT = iphoneos;
			};
			name = Debug;
		};
		03AAD44C22D9859700E08E1F /* Release */ = {
			isa = XCBuildConfiguration;
			buildSettings = {
				ALWAYS_SEARCH_USER_PATHS = NO;
				CLANG_ANALYZER_NONNULL = YES;
				CLANG_ANALYZER_NUMBER_OBJECT_CONVERSION = YES_AGGRESSIVE;
				CLANG_CXX_LANGUAGE_STANDARD = "gnu++14";
				CLANG_CXX_LIBRARY = "libc++";
				CLANG_ENABLE_MODULES = YES;
				CLANG_ENABLE_OBJC_ARC = YES;
				CLANG_ENABLE_OBJC_WEAK = YES;
				CLANG_WARN_BLOCK_CAPTURE_AUTORELEASING = YES;
				CLANG_WARN_BOOL_CONVERSION = YES;
				CLANG_WARN_COMMA = YES;
				CLANG_WARN_CONSTANT_CONVERSION = YES;
				CLANG_WARN_DEPRECATED_OBJC_IMPLEMENTATIONS = YES;
				CLANG_WARN_DIRECT_OBJC_ISA_USAGE = YES_ERROR;
				CLANG_WARN_DOCUMENTATION_COMMENTS = YES;
				CLANG_WARN_EMPTY_BODY = YES;
				CLANG_WARN_ENUM_CONVERSION = YES;
				CLANG_WARN_INFINITE_RECURSION = YES;
				CLANG_WARN_INT_CONVERSION = YES;
				CLANG_WARN_NON_LITERAL_NULL_CONVERSION = YES;
				CLANG_WARN_OBJC_IMPLICIT_RETAIN_SELF = YES;
				CLANG_WARN_OBJC_LITERAL_CONVERSION = YES;
				CLANG_WARN_OBJC_ROOT_CLASS = YES_ERROR;
				CLANG_WARN_RANGE_LOOP_ANALYSIS = YES;
				CLANG_WARN_STRICT_PROTOTYPES = YES;
				CLANG_WARN_SUSPICIOUS_MOVE = YES;
				CLANG_WARN_UNGUARDED_AVAILABILITY = YES_AGGRESSIVE;
				CLANG_WARN_UNREACHABLE_CODE = YES;
				CLANG_WARN__DUPLICATE_METHOD_MATCH = YES;
				CODE_SIGN_IDENTITY = "iPhone Developer";
				COPY_PHASE_STRIP = NO;
				DEBUG_INFORMATION_FORMAT = "dwarf-with-dsym";
				ENABLE_NS_ASSERTIONS = NO;
				ENABLE_STRICT_OBJC_MSGSEND = YES;
				GCC_C_LANGUAGE_STANDARD = gnu11;
				GCC_NO_COMMON_BLOCKS = YES;
				GCC_WARN_64_TO_32_BIT_CONVERSION = YES;
				GCC_WARN_ABOUT_RETURN_TYPE = YES_ERROR;
				GCC_WARN_UNDECLARED_SELECTOR = YES;
				GCC_WARN_UNINITIALIZED_AUTOS = YES_AGGRESSIVE;
				GCC_WARN_UNUSED_FUNCTION = YES;
				GCC_WARN_UNUSED_VARIABLE = YES;
				IPHONEOS_DEPLOYMENT_TARGET = 12.2;
				MTL_ENABLE_DEBUG_INFO = NO;
				MTL_FAST_MATH = YES;
				SDKROOT = iphoneos;
				VALIDATE_PRODUCT = YES;
			};
			name = Release;
		};
		03AAD44E22D9859700E08E1F /* Debug */ = {
			isa = XCBuildConfiguration;
			buildSettings = {
				ASSETCATALOG_COMPILER_APPICON_NAME = AppIcon;
				CODE_SIGN_STYLE = Automatic;
				INFOPLIST_FILE = ayxxvip/Info.plist;
				LD_RUNPATH_SEARCH_PATHS = (
					"$(inherited)",
					"@executable_path/Frameworks",
				);
				PRODUCT_BUNDLE_IDENTIFIER = ayxx.vip.com.ayxxvip;
				PRODUCT_NAME = "$(TARGET_NAME)";
				TARGETED_DEVICE_FAMILY = "1,2";
			};
			name = Debug;
		};
		03AAD44F22D9859700E08E1F /* Release */ = {
			isa = XCBuildConfiguration;
			buildSettings = {
				ASSETCATALOG_COMPILER_APPICON_NAME = AppIcon;
				CODE_SIGN_STYLE = Automatic;
				INFOPLIST_FILE = ayxxvip/Info.plist;
				LD_RUNPATH_SEARCH_PATHS = (
					"$(inherited)",
					"@executable_path/Frameworks",
				);
				PRODUCT_BUNDLE_IDENTIFIER = ayxx.vip.com.ayxxvip;
				PRODUCT_NAME = "$(TARGET_NAME)";
				TARGETED_DEVICE_FAMILY = "1,2";
			};
			name = Release;
		};
/* End XCBuildConfiguration section */

/* Begin XCConfigurationList section */
		03AAD43222D9858A00E08E1F /* Build configuration list for PBXProject "ayxxvip" */ = {
			isa = XCConfigurationList;
			buildConfigurations = (
				03AAD44B22D9859700E08E1F /* Debug */,
				03AAD44C22D9859700E08E1F /* Release */,
			);
			defaultConfigurationIsVisible = 0;
			defaultConfigurationName = Release;
		};
		03AAD44D22D9859700E08E1F /* Build configuration list for PBXNativeTarget "ayxxvip" */ = {
			isa = XCConfigurationList;
			buildConfigurations = (
				03AAD44E22D9859700E08E1F /* Debug */,
				03AAD44F22D9859700E08E1F /* Release */,
			);
			defaultConfigurationIsVisible = 0;
			defaultConfigurationName = Release;
		};
/* End XCConfigurationList section */
	};
	rootObject = 03AAD42F22D9858900E08E1F /* Project object */;
}
